// !$*UTF8*$!
{
	archiveVersion = 1;
	classes = {
	};
	objectVersion = 46;
	objects = {

/* Begin PBXBuildFile section */
		2D5348E71923F7E400E3F8C9 /* Foundation.framework in Frameworks */ = {isa = PBXBuildFile; fileRef = 2D5348E61923F7E400E3F8C9 /* Foundation.framework */; };
		2D5348E91923F7E400E3F8C9 /* CoreGraphics.framework in Frameworks */ = {isa = PBXBuildFile; fileRef = 2D5348E81923F7E400E3F8C9 /* CoreGraphics.framework */; };
		2D5348EB1923F7E400E3F8C9 /* UIKit.framework in Frameworks */ = {isa = PBXBuildFile; fileRef = 2D5348EA1923F7E400E3F8C9 /* UIKit.framework */; };
		2D5348F11923F7E400E3F8C9 /* InfoPlist.strings in Resources */ = {isa = PBXBuildFile; fileRef = 2D5348EF1923F7E400E3F8C9 /* InfoPlist.strings */; };
		2D5348F31923F7E400E3F8C9 /* main.m in Sources */ = {isa = PBXBuildFile; fileRef = 2D5348F21923F7E400E3F8C9 /* main.m */; };
		2D5348F71923F7E400E3F8C9 /* YXAppDelegate.m in Sources */ = {isa = PBXBuildFile; fileRef = 2D5348F61923F7E400E3F8C9 /* YXAppDelegate.m */; };
		2D5348FA1923F7E400E3F8C9 /* Main.storyboard in Resources */ = {isa = PBXBuildFile; fileRef = 2D5348F81923F7E400E3F8C9 /* Main.storyboard */; };
		2D5348FD1923F7E400E3F8C9 /* YXViewController.m in Sources */ = {isa = PBXBuildFile; fileRef = 2D5348FC1923F7E400E3F8C9 /* YXViewController.m */; };
		2D5348FF1923F7E400E3F8C9 /* Images.xcassets in Resources */ = {isa = PBXBuildFile; fileRef = 2D5348FE1923F7E400E3F8C9 /* Images.xcassets */; };
		2D5349061923F7E400E3F8C9 /* XCTest.framework in Frameworks */ = {isa = PBXBuildFile; fileRef = 2D5349051923F7E400E3F8C9 /* XCTest.framework */; };
		2D5349071923F7E400E3F8C9 /* Foundation.framework in Frameworks */ = {isa = PBXBuildFile; fileRef = 2D5348E61923F7E400E3F8C9 /* Foundation.framework */; };
		2D5349081923F7E400E3F8C9 /* UIKit.framework in Frameworks */ = {isa = PBXBuildFile; fileRef = 2D5348EA1923F7E400E3F8C9 /* UIKit.framework */; };
		2D5349101923F7E400E3F8C9 /* InfoPlist.strings in Resources */ = {isa = PBXBuildFile; fileRef = 2D53490E1923F7E400E3F8C9 /* InfoPlist.strings */; };
		2D5349121923F7E400E3F8C9 /* YXSpritesLoadingVIewTests.m in Sources */ = {isa = PBXBuildFile; fileRef = 2D5349111923F7E400E3F8C9 /* YXSpritesLoadingVIewTests.m */; };
/* End PBXBuildFile section */

/* Begin PBXContainerItemProxy section */
		2D5349091923F7E400E3F8C9 /* PBXContainerItemProxy */ = {
			isa = PBXContainerItemProxy;
			containerPortal = 2D5348DB1923F7E400E3F8C9 /* Project object */;
			proxyType = 1;
			remoteGlobalIDString = 2D5348E21923F7E400E3F8C9;
			remoteInfo = YXSpritesLoadingVIew;
		};
/* End PBXContainerItemProxy section */

/* Begin PBXFileReference section */
		2D5348E31923F7E400E3F8C9 /* YXSpritesLoadingVIew.app */ = {isa = PBXFileReference; explicitFileType = wrapper.application; includeInIndex = 0; path = YXSpritesLoadingVIew.app; sourceTree = BUILT_PRODUCTS_DIR; };
		2D5348E61923F7E400E3F8C9 /* Foundation.framework */ = {isa = PBXFileReference; lastKnownFileType = wrapper.framework; name = Foundation.framework; path = System/Library/Frameworks/Foundation.framework; sourceTree = SDKROOT; };
		2D5348E81923F7E400E3F8C9 /* CoreGraphics.framework */ = {isa = PBXFileReference; lastKnownFileType = wrapper.framework; name = CoreGraphics.framework; path = System/Library/Frameworks/CoreGraphics.framework; sourceTree = SDKROOT; };
		2D5348EA1923F7E400E3F8C9 /* UIKit.framework */ = {isa = PBXFileReference; lastKnownFileType = wrapper.framework; name = UIKit.framework; path = System/Library/Frameworks/UIKit.framework; sourceTree = SDKROOT; };
		2D5348EE1923F7E400E3F8C9 /* YXSpritesLoadingVIew-Info.plist */ = {isa = PBXFileReference; lastKnownFileType = text.plist.xml; path = "YXSpritesLoadingVIew-Info.plist"; sourceTree = "<group>"; };
		2D5348F01923F7E400E3F8C9 /* en */ = {isa = PBXFileReference; lastKnownFileType = text.plist.strings; name = en; path = en.lproj/InfoPlist.strings; sourceTree = "<group>"; };
		2D5348F21923F7E400E3F8C9 /* main.m */ = {isa = PBXFileReference; lastKnownFileType = sourcecode.c.objc; path = main.m; sourceTree = "<group>"; };
		2D5348F41923F7E400E3F8C9 /* YXSpritesLoadingVIew-Prefix.pch */ = {isa = PBXFileReference; lastKnownFileType = sourcecode.c.h; path = "YXSpritesLoadingVIew-Prefix.pch"; sourceTree = "<group>"; };
		2D5348F51923F7E400E3F8C9 /* YXAppDelegate.h */ = {isa = PBXFileReference; lastKnownFileType = sourcecode.c.h; path = YXAppDelegate.h; sourceTree = "<group>"; };
		2D5348F61923F7E400E3F8C9 /* YXAppDelegate.m */ = {isa = PBXFileReference; lastKnownFileType = sourcecode.c.objc; path = YXAppDelegate.m; sourceTree = "<group>"; };
		2D5348F91923F7E400E3F8C9 /* Base */ = {isa = PBXFileReference; lastKnownFileType = file.storyboard; name = Base; path = Base.lproj/Main.storyboard; sourceTree = "<group>"; };
		2D5348FB1923F7E400E3F8C9 /* YXViewController.h */ = {isa = PBXFileReference; lastKnownFileType = sourcecode.c.h; path = YXViewController.h; sourceTree = "<group>"; };
		2D5348FC1923F7E400E3F8C9 /* YXViewController.m */ = {isa = PBXFileReference; lastKnownFileType = sourcecode.c.objc; path = YXViewController.m; sourceTree = "<group>"; };
		2D5348FE1923F7E400E3F8C9 /* Images.xcassets */ = {isa = PBXFileReference; lastKnownFileType = folder.assetcatalog; path = Images.xcassets; sourceTree = "<group>"; };
		2D5349041923F7E400E3F8C9 /* YXSpritesLoadingVIewTests.xctest */ = {isa = PBXFileReference; explicitFileType = wrapper.cfbundle; includeInIndex = 0; path = YXSpritesLoadingVIewTests.xctest; sourceTree = BUILT_PRODUCTS_DIR; };
		2D5349051923F7E400E3F8C9 /* XCTest.framework */ = {isa = PBXFileReference; lastKnownFileType = wrapper.framework; name = XCTest.framework; path = Library/Frameworks/XCTest.framework; sourceTree = DEVELOPER_DIR; };
		2D53490D1923F7E400E3F8C9 /* YXSpritesLoadingVIewTests-Info.plist */ = {isa = PBXFileReference; lastKnownFileType = text.plist.xml; path = "YXSpritesLoadingVIewTests-Info.plist"; sourceTree = "<group>"; };
		2D53490F1923F7E400E3F8C9 /* en */ = {isa = PBXFileReference; lastKnownFileType = text.plist.strings; name = en; path = en.lproj/InfoPlist.strings; sourceTree = "<group>"; };
		2D5349111923F7E400E3F8C9 /* YXSpritesLoadingVIewTests.m */ = {isa = PBXFileReference; lastKnownFileType = sourcecode.c.objc; path = YXSpritesLoadingVIewTests.m; sourceTree = "<group>"; };
/* End PBXFileReference section */

/* Begin PBXFrameworksBuildPhase section */
		2D5348E01923F7E400E3F8C9 /* Frameworks */ = {
			isa = PBXFrameworksBuildPhase;
			buildActionMask = 2147483647;
			files = (
				2D5348E91923F7E400E3F8C9 /* CoreGraphics.framework in Frameworks */,
				2D5348EB1923F7E400E3F8C9 /* UIKit.framework in Frameworks */,
				2D5348E71923F7E400E3F8C9 /* Foundation.framework in Frameworks */,
			);
			runOnlyForDeploymentPostprocessing = 0;
		};
		2D5349011923F7E400E3F8C9 /* Frameworks */ = {
			isa = PBXFrameworksBuildPhase;
			buildActionMask = 2147483647;
			files = (
				2D5349061923F7E400E3F8C9 /* XCTest.framework in Frameworks */,
				2D5349081923F7E400E3F8C9 /* UIKit.framework in Frameworks */,
				2D5349071923F7E400E3F8C9 /* Foundation.framework in Frameworks */,
			);
			runOnlyForDeploymentPostprocessing = 0;
		};
/* End PBXFrameworksBuildPhase section */

/* Begin PBXGroup section */
		2D5348DA1923F7E400E3F8C9 = {
			isa = PBXGroup;
			children = (
				2D5348EC1923F7E400E3F8C9 /* YXSpritesLoadingVIew */,
				2D53490B1923F7E400E3F8C9 /* YXSpritesLoadingVIewTests */,
				2D5348E51923F7E400E3F8C9 /* Frameworks */,
				2D5348E41923F7E400E3F8C9 /* Products */,
			);
			sourceTree = "<group>";
		};
		2D5348E41923F7E400E3F8C9 /* Products */ = {
			isa = PBXGroup;
			children = (
				2D5348E31923F7E400E3F8C9 /* YXSpritesLoadingVIew.app */,
				2D5349041923F7E400E3F8C9 /* YXSpritesLoadingVIewTests.xctest */,
			);
			name = Products;
			sourceTree = "<group>";
		};
		2D5348E51923F7E400E3F8C9 /* Frameworks */ = {
			isa = PBXGroup;
			children = (
				2D5348E61923F7E400E3F8C9 /* Foundation.framework */,
				2D5348E81923F7E400E3F8C9 /* CoreGraphics.framework */,
				2D5348EA1923F7E400E3F8C9 /* UIKit.framework */,
				2D5349051923F7E400E3F8C9 /* XCTest.framework */,
			);
			name = Frameworks;
			sourceTree = "<group>";
		};
		2D5348EC1923F7E400E3F8C9 /* YXSpritesLoadingVIew */ = {
			isa = PBXGroup;
			children = (
				2D5348F51923F7E400E3F8C9 /* YXAppDelegate.h */,
				2D5348F61923F7E400E3F8C9 /* YXAppDelegate.m */,
				2D5348F81923F7E400E3F8C9 /* Main.storyboard */,
				2D5348FB1923F7E400E3F8C9 /* YXViewController.h */,
				2D5348FC1923F7E400E3F8C9 /* YXViewController.m */,
				2D5348FE1923F7E400E3F8C9 /* Images.xcassets */,
				2D5348ED1923F7E400E3F8C9 /* Supporting Files */,
			);
			path = YXSpritesLoadingVIew;
			sourceTree = "<group>";
		};
		2D5348ED1923F7E400E3F8C9 /* Supporting Files */ = {
			isa = PBXGroup;
			children = (
				2D5348EE1923F7E400E3F8C9 /* YXSpritesLoadingVIew-Info.plist */,
				2D5348EF1923F7E400E3F8C9 /* InfoPlist.strings */,
				2D5348F21923F7E400E3F8C9 /* main.m */,
				2D5348F41923F7E400E3F8C9 /* YXSpritesLoadingVIew-Prefix.pch */,
			);
			name = "Supporting Files";
			sourceTree = "<group>";
		};
		2D53490B1923F7E400E3F8C9 /* YXSpritesLoadingVIewTests */ = {
			isa = PBXGroup;
			children = (
				2D5349111923F7E400E3F8C9 /* YXSpritesLoadingVIewTests.m */,
				2D53490C1923F7E400E3F8C9 /* Supporting Files */,
			);
			path = YXSpritesLoadingVIewTests;
			sourceTree = "<group>";
		};
		2D53490C1923F7E400E3F8C9 /* Supporting Files */ = {
			isa = PBXGroup;
			children = (
				2D53490D1923F7E400E3F8C9 /* YXSpritesLoadingVIewTests-Info.plist */,
				2D53490E1923F7E400E3F8C9 /* InfoPlist.strings */,
			);
			name = "Supporting Files";
			sourceTree = "<group>";
		};
/* End PBXGroup section */

/* Begin PBXNativeTarget section */
		2D5348E21923F7E400E3F8C9 /* YXSpritesLoadingVIew */ = {
			isa = PBXNativeTarget;
			buildConfigurationList = 2D5349151923F7E400E3F8C9 /* Build configuration list for PBXNativeTarget "YXSpritesLoadingVIew" */;
			buildPhases = (
				2D5348DF1923F7E400E3F8C9 /* Sources */,
				2D5348E01923F7E400E3F8C9 /* Frameworks */,
				2D5348E11923F7E400E3F8C9 /* Resources */,
			);
			buildRules = (
			);
			dependencies = (
			);
			name = YXSpritesLoadingVIew;
			productName = YXSpritesLoadingVIew;
			productReference = 2D5348E31923F7E400E3F8C9 /* YXSpritesLoadingVIew.app */;
			productType = "com.apple.product-type.application";
		};
		2D5349031923F7E400E3F8C9 /* YXSpritesLoadingVIewTests */ = {
			isa = PBXNativeTarget;
			buildConfigurationList = 2D5349181923F7E400E3F8C9 /* Build configuration list for PBXNativeTarget "YXSpritesLoadingVIewTests" */;
			buildPhases = (
				2D5349001923F7E400E3F8C9 /* Sources */,
				2D5349011923F7E400E3F8C9 /* Frameworks */,
				2D5349021923F7E400E3F8C9 /* Resources */,
			);
			buildRules = (
			);
			dependencies = (
				2D53490A1923F7E400E3F8C9 /* PBXTargetDependency */,
			);
			name = YXSpritesLoadingVIewTests;
			productName = YXSpritesLoadingVIewTests;
			productReference = 2D5349041923F7E400E3F8C9 /* YXSpritesLoadingVIewTests.xctest */;
			productType = "com.apple.product-type.bundle.unit-test";
		};
/* End PBXNativeTarget section */

/* Begin PBXProject section */
		2D5348DB1923F7E400E3F8C9 /* Project object */ = {
			isa = PBXProject;
			attributes = {
				CLASSPREFIX = YX;
				LastUpgradeCheck = 0510;
				ORGANIZATIONNAME = YinXuApp;
				TargetAttributes = {
					2D5349031923F7E400E3F8C9 = {
						TestTargetID = 2D5348E21923F7E400E3F8C9;
					};
				};
			};
			buildConfigurationList = 2D5348DE1923F7E400E3F8C9 /* Build configuration list for PBXProject "YXSpritesLoadingVIew" */;
			compatibilityVersion = "Xcode 3.2";
			developmentRegion = English;
			hasScannedForEncodings = 0;
			knownRegions = (
				en,
				Base,
			);
			mainGroup = 2D5348DA1923F7E400E3F8C9;
			productRefGroup = 2D5348E41923F7E400E3F8C9 /* Products */;
			projectDirPath = "";
			projectRoot = "";
			targets = (
				2D5348E21923F7E400E3F8C9 /* YXSpritesLoadingVIew */,
				2D5349031923F7E400E3F8C9 /* YXSpritesLoadingVIewTests */,
			);
		};
/* End PBXProject section */

/* Begin PBXResourcesBuildPhase section */
		2D5348E11923F7E400E3F8C9 /* Resources */ = {
			isa = PBXResourcesBuildPhase;
			buildActionMask = 2147483647;
			files = (
				2D5348FF1923F7E400E3F8C9 /* Images.xcassets in Resources */,
				2D5348F11923F7E400E3F8C9 /* InfoPlist.strings in Resources */,
				2D5348FA1923F7E400E3F8C9 /* Main.storyboard in Resources */,
			);
			runOnlyForDeploymentPostprocessing = 0;
		};
		2D5349021923F7E400E3F8C9 /* Resources */ = {
			isa = PBXResourcesBuildPhase;
			buildActionMask = 2147483647;
			files = (
				2D5349101923F7E400E3F8C9 /* InfoPlist.strings in Resources */,
			);
			runOnlyForDeploymentPostprocessing = 0;
		};
/* End PBXResourcesBuildPhase section */

/* Begin PBXSourcesBuildPhase section */
		2D5348DF1923F7E400E3F8C9 /* Sources */ = {
			isa = PBXSourcesBuildPhase;
			buildActionMask = 2147483647;
			files = (
				2D5348FD1923F7E400E3F8C9 /* YXViewController.m in Sources */,
				2D5348F31923F7E400E3F8C9 /* main.m in Sources */,
				2D5348F71923F7E400E3F8C9 /* YXAppDelegate.m in Sources */,
			);
			runOnlyForDeploymentPostprocessing = 0;
		};
		2D5349001923F7E400E3F8C9 /* Sources */ = {
			isa = PBXSourcesBuildPhase;
			buildActionMask = 2147483647;
			files = (
				2D5349121923F7E400E3F8C9 /* YXSpritesLoadingVIewTests.m in Sources */,
			);
			runOnlyForDeploymentPostprocessing = 0;
		};
/* End PBXSourcesBuildPhase section */

/* Begin PBXTargetDependency section */
		2D53490A1923F7E400E3F8C9 /* PBXTargetDependency */ = {
			isa = PBXTargetDependency;
			target = 2D5348E21923F7E400E3F8C9 /* YXSpritesLoadingVIew */;
			targetProxy = 2D5349091923F7E400E3F8C9 /* PBXContainerItemProxy */;
		};
/* End PBXTargetDependency section */

/* Begin PBXVariantGroup section */
		2D5348EF1923F7E400E3F8C9 /* InfoPlist.strings */ = {
			isa = PBXVariantGroup;
			children = (
				2D5348F01923F7E400E3F8C9 /* en */,
			);
			name = InfoPlist.strings;
			sourceTree = "<group>";
		};
		2D5348F81923F7E400E3F8C9 /* Main.storyboard */ = {
			isa = PBXVariantGroup;
			children = (
				2D5348F91923F7E400E3F8C9 /* Base */,
			);
			name = Main.storyboard;
			sourceTree = "<group>";
		};
		2D53490E1923F7E400E3F8C9 /* InfoPlist.strings */ = {
			isa = PBXVariantGroup;
			children = (
				2D53490F1923F7E400E3F8C9 /* en */,
			);
			name = InfoPlist.strings;
			sourceTree = "<group>";
		};
/* End PBXVariantGroup section */

/* Begin XCBuildConfiguration section */
		2D5349131923F7E400E3F8C9 /* Debug */ = {
			isa = XCBuildConfiguration;
			buildSettings = {
				ALWAYS_SEARCH_USER_PATHS = NO;
				CLANG_CXX_LANGUAGE_STANDARD = "gnu++0x";
				CLANG_CXX_LIBRARY = "libc++";
				CLANG_ENABLE_MODULES = YES;
				CLANG_ENABLE_OBJC_ARC = YES;
				CLANG_WARN_BOOL_CONVERSION = YES;
				CLANG_WARN_CONSTANT_CONVERSION = YES;
				CLANG_WARN_DIRECT_OBJC_ISA_USAGE = YES_ERROR;
				CLANG_WARN_EMPTY_BODY = YES;
				CLANG_WARN_ENUM_CONVERSION = YES;
				CLANG_WARN_INT_CONVERSION = YES;
				CLANG_WARN_OBJC_ROOT_CLASS = YES_ERROR;
				CLANG_WARN__DUPLICATE_METHOD_MATCH = YES;
				"CODE_SIGN_IDENTITY[sdk=iphoneos*]" = "iPhone Developer";
				COPY_PHASE_STRIP = NO;
				GCC_C_LANGUAGE_STANDARD = gnu99;
				GCC_DYNAMIC_NO_PIC = NO;
				GCC_OPTIMIZATION_LEVEL = 0;
				GCC_PREPROCESSOR_DEFINITIONS = (
					"DEBUG=1",
					"$(inherited)",
				);
				GCC_SYMBOLS_PRIVATE_EXTERN = NO;
				GCC_WARN_64_TO_32_BIT_CONVERSION = YES;
				GCC_WARN_ABOUT_RETURN_TYPE = YES_ERROR;
				GCC_WARN_UNDECLARED_SELECTOR = YES;
				GCC_WARN_UNINITIALIZED_AUTOS = YES_AGGRESSIVE;
				GCC_WARN_UNUSED_FUNCTION = YES;
				GCC_WARN_UNUSED_VARIABLE = YES;
				IPHONEOS_DEPLOYMENT_TARGET = 7.1;
				ONLY_ACTIVE_ARCH = YES;
				SDKROOT = iphoneos;
			};
			name = Debug;
		};
		2D5349141923F7E400E3F8C9 /* Release */ = {
			isa = XCBuildConfiguration;
			buildSettings = {
				ALWAYS_SEARCH_USER_PATHS = NO;
				CLANG_CXX_LANGUAGE_STANDARD = "gnu++0x";
				CLANG_CXX_LIBRARY = "libc++";
				CLANG_ENABLE_MODULES = YES;
				CLANG_ENABLE_OBJC_ARC = YES;
				CLANG_WARN_BOOL_CONVERSION = YES;
				CLANG_WARN_CONSTANT_CONVERSION = YES;
				CLANG_WARN_DIRECT_OBJC_ISA_USAGE = YES_ERROR;
				CLANG_WARN_EMPTY_BODY = YES;
				CLANG_WARN_ENUM_CONVERSION = YES;
				CLANG_WARN_INT_CONVERSION = YES;
				CLANG_WARN_OBJC_ROOT_CLASS = YES_ERROR;
				CLANG_WARN__DUPLICATE_METHOD_MATCH = YES;
				"CODE_SIGN_IDENTITY[sdk=iphoneos*]" = "iPhone Developer";
				COPY_PHASE_STRIP = YES;
				ENABLE_NS_ASSERTIONS = NO;
				GCC_C_LANGUAGE_STANDARD = gnu99;
				GCC_WARN_64_TO_32_BIT_CONVERSION = YES;
				GCC_WARN_ABOUT_RETURN_TYPE = YES_ERROR;
				GCC_WARN_UNDECLARED_SELECTOR = YES;
				GCC_WARN_UNINITIALIZED_AUTOS = YES_AGGRESSIVE;
				GCC_WARN_UNUSED_FUNCTION = YES;
				GCC_WARN_UNUSED_VARIABLE = YES;
				IPHONEOS_DEPLOYMENT_TARGET = 7.1;
				SDKROOT = iphoneos;
				VALIDATE_PRODUCT = YES;
			};
			name = Release;
		};
		2D5349161923F7E400E3F8C9 /* Debug */ = {
			isa = XCBuildConfiguration;
			buildSettings = {
				ASSETCATALOG_COMPILER_APPICON_NAME = AppIcon;
				ASSETCATALOG_COMPILER_LAUNCHIMAGE_NAME = LaunchImage;
				GCC_PRECOMPILE_PREFIX_HEADER = YES;
				GCC_PREFIX_HEADER = "YXSpritesLoadingVIew/YXSpritesLoadingVIew-Prefix.pch";
				INFOPLIST_FILE = "YXSpritesLoadingVIew/YXSpritesLoadingVIew-Info.plist";
				PRODUCT_NAME = "$(TARGET_NAME)";
				WRAPPER_EXTENSION = app;
			};
			name = Debug;
		};
		2D5349171923F7E400E3F8C9 /* Release */ = {
			isa = XCBuildConfiguration;
			buildSettings = {
				ASSETCATALOG_COMPILER_APPICON_NAME = AppIcon;
				ASSETCATALOG_COMPILER_LAUNCHIMAGE_NAME = LaunchImage;
				GCC_PRECOMPILE_PREFIX_HEADER = YES;
				GCC_PREFIX_HEADER = "YXSpritesLoadingVIew/YXSpritesLoadingVIew-Prefix.pch";
				INFOPLIST_FILE = "YXSpritesLoadingVIew/YXSpritesLoadingVIew-Info.plist";
				PRODUCT_NAME = "$(TARGET_NAME)";
				WRAPPER_EXTENSION = app;
			};
			name = Release;
		};
		2D5349191923F7E400E3F8C9 /* Debug */ = {
			isa = XCBuildConfiguration;
			buildSettings = {
				BUNDLE_LOADER = "$(BUILT_PRODUCTS_DIR)/YXSpritesLoadingVIew.app/YXSpritesLoadingVIew";
				FRAMEWORK_SEARCH_PATHS = (
					"$(SDKROOT)/Developer/Library/Frameworks",
					"$(inherited)",
					"$(DEVELOPER_FRAMEWORKS_DIR)",
				);
				GCC_PRECOMPILE_PREFIX_HEADER = YES;
				GCC_PREFIX_HEADER = "YXSpritesLoadingVIew/YXSpritesLoadingVIew-Prefix.pch";
				GCC_PREPROCESSOR_DEFINITIONS = (
					"DEBUG=1",
					"$(inherited)",
				);
				INFOPLIST_FILE = "YXSpritesLoadingVIewTests/YXSpritesLoadingVIewTests-Info.plist";
				PRODUCT_NAME = "$(TARGET_NAME)";
				TEST_HOST = "$(BUNDLE_LOADER)";
				WRAPPER_EXTENSION = xctest;
			};
			name = Debug;
		};
		2D53491A1923F7E400E3F8C9 /* Release */ = {
			isa = XCBuildConfiguration;
			buildSettings = {
				BUNDLE_LOADER = "$(BUILT_PRODUCTS_DIR)/YXSpritesLoadingVIew.app/YXSpritesLoadingVIew";
				FRAMEWORK_SEARCH_PATHS = (
					"$(SDKROOT)/Developer/Library/Frameworks",
					"$(inherited)",
					"$(DEVELOPER_FRAMEWORKS_DIR)",
				);
				GCC_PRECOMPILE_PREFIX_HEADER = YES;
				GCC_PREFIX_HEADER = "YXSpritesLoadingVIew/YXSpritesLoadingVIew-Prefix.pch";
				INFOPLIST_FILE = "YXSpritesLoadingVIewTests/YXSpritesLoadingVIewTests-Info.plist";
				PRODUCT_NAME = "$(TARGET_NAME)";
				TEST_HOST = "$(BUNDLE_LOADER)";
				WRAPPER_EXTENSION = xctest;
			};
			name = Release;
		};
/* End XCBuildConfiguration section */

/* Begin XCConfigurationList section */
		2D5348DE1923F7E400E3F8C9 /* Build configuration list for PBXProject "YXSpritesLoadingVIew" */ = {
			isa = XCConfigurationList;
			buildConfigurations = (
				2D5349131923F7E400E3F8C9 /* Debug */,
				2D5349141923F7E400E3F8C9 /* Release */,
			);
			defaultConfigurationIsVisible = 0;
			defaultConfigurationName = Release;
		};
		2D5349151923F7E400E3F8C9 /* Build configuration list for PBXNativeTarget "YXSpritesLoadingVIew" */ = {
			isa = XCConfigurationList;
			buildConfigurations = (
				2D5349161923F7E400E3F8C9 /* Debug */,
				2D5349171923F7E400E3F8C9 /* Release */,
			);
			defaultConfigurationIsVisible = 0;
		};
		2D5349181923F7E400E3F8C9 /* Build configuration list for PBXNativeTarget "YXSpritesLoadingVIewTests" */ = {
			isa = XCConfigurationList;
			buildConfigurations = (
				2D5349191923F7E400E3F8C9 /* Debug */,
				2D53491A1923F7E400E3F8C9 /* Release */,
			);
			defaultConfigurationIsVisible = 0;
		};
/* End XCConfigurationList section */
	};
	rootObject = 2D5348DB1923F7E400E3F8C9 /* Project object */;
}
